{
  "version": 4,
  "terraform_version": "1.13.3",
  "serial": 7,
  "lineage": "b51327a2-f152-b5e0-4ed2-f04624b4e7c7",
  "outputs": {
    "rds_username": {
      "value": "app_user",
      "type": "string"
    },
    "security_groups": {
      "value": [
        "sg-07cc4944c0f580504",
        "sg-0da6489c454dd5c6f"
      ],
      "type": [
        "list",
        "string"
      ]
    },
    "subnets": {
      "value": [
        "subnet-063b3876b0493bda5",
        "subnet-073f388cf68885859",
        "subnet-078a73a1655c041d2",
        "subnet-06cb5f88cccebd04a"
      ],
      "type": [
        "list",
        "string"
      ]
    }
  },
  "resources": [
    {
      "mode": "data",
      "type": "aws_security_groups",
      "name": "main",
      "provider": "provider[\"registry.terraform.io/hashicorp/aws\"]",
      "instances": [
        {
          "schema_version": 0,
          "attributes": {
            "arns": [
              "arn:aws:ec2:us-east-1:224472962009:security-group/sg-07cc4944c0f580504",
              "arn:aws:ec2:us-east-1:224472962009:security-group/sg-0da6489c454dd5c6f"
            ],
            "filter": [
              {
                "name": "vpc-id",
                "values": [
                  "vpc-07a12b532c2f77370"
                ]
              }
            ],
            "id": "us-east-1",
            "ids": [
              "sg-07cc4944c0f580504",
              "sg-0da6489c454dd5c6f"
            ],
            "tags": null,
            "timeouts": null,
            "vpc_ids": [
              "vpc-07a12b532c2f77370",
              "vpc-07a12b532c2f77370"
            ]
          },
          "sensitive_attributes": [],
          "identity_schema_version": 0
        }
      ]
    },
    {
      "mode": "data",
      "type": "aws_subnets",
      "name": "main",
      "provider": "provider[\"registry.terraform.io/hashicorp/aws\"]",
      "instances": [
        {
          "schema_version": 0,
          "attributes": {
            "filter": [
              {
                "name": "vpc-id",
                "values": [
                  "vpc-07a12b532c2f77370"
                ]
              }
            ],
            "id": "us-east-1",
            "ids": [
              "subnet-063b3876b0493bda5",
              "subnet-073f388cf68885859",
              "subnet-078a73a1655c041d2",
              "subnet-06cb5f88cccebd04a"
            ],
            "tags": null,
            "timeouts": null
          },
          "sensitive_attributes": [],
          "identity_schema_version": 0
        }
      ]
    },
    {
      "mode": "data",
      "type": "aws_vpc",
      "name": "main",
      "provider": "provider[\"registry.terraform.io/hashicorp/aws\"]",
      "instances": [
        {
          "schema_version": 0,
          "attributes": {
            "arn": "arn:aws:ec2:us-east-1:224472962009:vpc/vpc-07a12b532c2f77370",
            "cidr_block": "10.0.0.0/16",
            "cidr_block_associations": [
              {
                "association_id": "vpc-cidr-assoc-0a19132060eba033e",
                "cidr_block": "10.0.0.0/16",
                "state": "associated"
              }
            ],
            "default": false,
            "dhcp_options_id": "dopt-42160920",
            "enable_dns_hostnames": true,
            "enable_dns_support": true,
            "enable_network_address_usage_metrics": false,
            "filter": null,
            "id": "vpc-07a12b532c2f77370",
            "instance_tenancy": "default",
            "ipv6_association_id": "",
            "ipv6_cidr_block": "",
            "main_route_table_id": "rtb-0251bf9c7b142309b",
            "owner_id": "224472962009",
            "state": null,
            "tags": {
              "Name": "eks-vpc"
            },
            "timeouts": null
          },
          "sensitive_attributes": [],
          "identity_schema_version": 0
        }
      ]
    },
    {
      "mode": "managed",
      "type": "aws_db_instance",
      "name": "mysql_db",
      "provider": "provider[\"registry.terraform.io/hashicorp/aws\"]",
      "instances": [
        {
          "schema_version": 2,
          "attributes": {
            "address": "soatfastfood.cqhpvxnrrqzy.us-east-1.rds.amazonaws.com",
            "allocated_storage": 20,
            "allow_major_version_upgrade": null,
            "apply_immediately": false,
            "arn": "arn:aws:rds:us-east-1:224472962009:db:soatfastfood",
            "auto_minor_version_upgrade": true,
            "availability_zone": "us-east-1b",
            "backup_retention_period": 0,
            "backup_target": "region",
            "backup_window": "03:38-04:08",
            "blue_green_update": [],
            "ca_cert_identifier": "rds-ca-rsa2048-g1",
            "character_set_name": "",
            "copy_tags_to_snapshot": false,
            "custom_iam_instance_profile": "",
            "customer_owned_ip_enabled": false,
            "database_insights_mode": "standard",
            "db_name": "",
            "db_subnet_group_name": "rds-subnet-group",
            "dedicated_log_volume": false,
            "delete_automated_backups": true,
            "deletion_protection": false,
            "domain": "",
            "domain_auth_secret_arn": "",
            "domain_dns_ips": null,
            "domain_fqdn": "",
            "domain_iam_role_name": "",
            "domain_ou": "",
            "enabled_cloudwatch_logs_exports": null,
            "endpoint": "soatfastfood.cqhpvxnrrqzy.us-east-1.rds.amazonaws.com:3306",
            "engine": "mysql",
            "engine_lifecycle_support": "open-source-rds-extended-support",
            "engine_version": "8.0",
            "engine_version_actual": "8.0.42",
            "final_snapshot_identifier": null,
            "hosted_zone_id": "Z2R2ITUGPM61AM",
            "iam_database_authentication_enabled": false,
            "id": "db-KT7VNEQN4JBAL6TJ6KVCQTS7RU",
            "identifier": "soatfastfood",
            "identifier_prefix": "",
            "instance_class": "db.t3.micro",
            "iops": 0,
            "kms_key_id": "",
            "latest_restorable_time": "",
            "license_model": "general-public-license",
            "listener_endpoint": [],
            "maintenance_window": "fri:06:01-fri:06:31",
            "manage_master_user_password": null,
            "master_user_secret": [],
            "master_user_secret_kms_key_id": null,
            "max_allocated_storage": 0,
            "monitoring_interval": 0,
            "monitoring_role_arn": "",
            "multi_az": false,
            "nchar_character_set_name": "",
            "network_type": "IPV4",
            "option_group_name": "default:mysql-8-0",
            "parameter_group_name": "default.mysql8.0",
            "password": "app_password",
            "password_wo": null,
            "password_wo_version": null,
            "performance_insights_enabled": false,
            "performance_insights_kms_key_id": "",
            "performance_insights_retention_period": 0,
            "port": 3306,
            "publicly_accessible": true,
            "replica_mode": "",
            "replicas": [],
            "replicate_source_db": "",
            "resource_id": "db-KT7VNEQN4JBAL6TJ6KVCQTS7RU",
            "restore_to_point_in_time": [],
            "s3_import": [],
            "skip_final_snapshot": true,
            "snapshot_identifier": null,
            "status": "available",
            "storage_encrypted": false,
            "storage_throughput": 0,
            "storage_type": "gp2",
            "tags": null,
            "tags_all": {},
            "timeouts": null,
            "timezone": "",
            "upgrade_storage_config": null,
            "username": "app_user",
            "vpc_security_group_ids": [
              "sg-07cc4944c0f580504"
            ]
          },
          "sensitive_attributes": [
            [
              {
                "type": "get_attr",
                "value": "password"
              }
            ],
            [
              {
                "type": "get_attr",
                "value": "password_wo"
              }
            ]
          ],
          "identity_schema_version": 0,
          "private": "eyJlMmJmYjczMC1lY2FhLTExZTYtOGY4OC0zNDM2M2JjN2M0YzAiOnsiY3JlYXRlIjozMDAwMDAwMDAwMDAwLCJkZWxldGUiOjM2MDAwMDAwMDAwMDAsInVwZGF0ZSI6NDgwMDAwMDAwMDAwMH0sInNjaGVtYV92ZXJzaW9uIjoiMiJ9",
          "dependencies": [
            "aws_db_subnet_group.rds_subnet_group",
            "aws_security_group.rds_sg",
            "data.aws_security_groups.main",
            "data.aws_subnets.main",
            "data.aws_vpc.main"
          ]
        }
      ]
    },
    {
      "mode": "managed",
      "type": "aws_db_subnet_group",
      "name": "rds_subnet_group",
      "provider": "provider[\"registry.terraform.io/hashicorp/aws\"]",
      "instances": [
        {
          "schema_version": 0,
          "attributes": {
            "arn": "arn:aws:rds:us-east-1:224472962009:subgrp:rds-subnet-group",
            "description": "Managed by Terraform",
            "id": "rds-subnet-group",
            "name": "rds-subnet-group",
            "name_prefix": "",
            "subnet_ids": [
              "subnet-063b3876b0493bda5",
              "subnet-06cb5f88cccebd04a",
              "subnet-073f388cf68885859",
              "subnet-078a73a1655c041d2"
            ],
            "supported_network_types": [
              "IPV4"
            ],
            "tags": {},
            "tags_all": {},
            "vpc_id": "vpc-07a12b532c2f77370"
          },
          "sensitive_attributes": [],
          "identity_schema_version": 0,
          "private": "bnVsbA==",
          "dependencies": [
            "data.aws_subnets.main",
            "data.aws_vpc.main"
          ]
        }
      ]
    },
    {
      "mode": "managed",
      "type": "aws_security_group",
      "name": "rds_sg",
      "provider": "provider[\"registry.terraform.io/hashicorp/aws\"]",
      "instances": [
        {
          "schema_version": 1,
          "attributes": {
            "arn": "arn:aws:ec2:us-east-1:224472962009:security-group/sg-07cc4944c0f580504",
            "description": "Managed by Terraform",
            "egress": [
              {
                "cidr_blocks": [
                  "0.0.0.0/0"
                ],
                "description": "",
                "from_port": 0,
                "ipv6_cidr_blocks": [],
                "prefix_list_ids": [],
                "protocol": "-1",
                "security_groups": [],
                "self": false,
                "to_port": 0
              }
            ],
            "id": "sg-07cc4944c0f580504",
            "ingress": [
              {
                "cidr_blocks": [],
                "description": "",
                "from_port": 3306,
                "ipv6_cidr_blocks": [],
                "prefix_list_ids": [],
                "protocol": "tcp",
                "security_groups": [
                  "sg-07cc4944c0f580504"
                ],
                "self": false,
                "to_port": 3306
              }
            ],
            "name": "rds-sg-soat-fast-food20250928235129414500000001",
            "name_prefix": "rds-sg-soat-fast-food",
            "owner_id": "224472962009",
            "revoke_rules_on_delete": false,
            "tags": {},
            "tags_all": {},
            "timeouts": null,
            "vpc_id": "vpc-07a12b532c2f77370"
          },
          "sensitive_attributes": [],
          "identity_schema_version": 0,
          "private": "eyJlMmJmYjczMC1lY2FhLTExZTYtOGY4OC0zNDM2M2JjN2M0YzAiOnsiY3JlYXRlIjo2MDAwMDAwMDAwMDAsImRlbGV0ZSI6OTAwMDAwMDAwMDAwfSwic2NoZW1hX3ZlcnNpb24iOiIxIn0=",
          "dependencies": [
            "data.aws_security_groups.main",
            "data.aws_vpc.main"
          ]
        }
      ]
    }
  ],
  "check_results": null
}
